github.com/james-orcales/golang_snacks v0.0.0-20251123085001-75a01d72e4cc h1:rIntKhh19A9/2WWjMMgQuT79L0sYLW8VdeKHuHUCf3E=
github.com/james-orcales/golang_snacks v0.0.0-20251123085001-75a01d72e4cc/go.mod h1:efblTYRtzntjN10eeF9+VnrkrRggGVz3zvs7miIZ6N0=
github.com/james-orcales/golang_snacks v0.0.0-20251123085833-2bebe88de6d7 h1:Of+8XQovxCOVSgHP8lLjUFd1ltsyQkQeDM3XtdHD+Gg=
github.com/james-orcales/golang_snacks v0.0.0-20251123085833-2bebe88de6d7/go.mod h1:efblTYRtzntjN10eeF9+VnrkrRggGVz3zvs7miIZ6N0=
